
Microsoft Visual Studio Solution File, Format Version 12.00
# Visual Studio Version 17
VisualStudioVersion = 17.5.33627.172
MinimumVisualStudioVersion = 10.0.40219.1
Project("{9A19103F-16F7-4668-BE54-9A1E7A4F7556}") = "KampIntro", "KampIntro\KampIntro.csproj", "{B6B60D2E-7162-4481-8028-07660C755440}"
EndProject
Project("{9A19103F-16F7-4668-BE54-9A1E7A4F7556}") = "Donguler", "Donguler\Donguler.csproj", "{FB89C1BD-7B54-4784-92B4-D872FADD2768}"
EndProject
Project("{9A19103F-16F7-4668-BE54-9A1E7A4F7556}") = "ClassIntro", "ClassIntro\ClassIntro.csproj", "{BF41BCB6-489E-4DEC-8E1C-FFCCC8447B97}"
EndProject
Project("{9A19103F-16F7-4668-BE54-9A1E7A4F7556}") = "Metotlar", "Metotlar\Metotlar.csproj", "{9B858C7F-677B-4936-BDA9-E6AA0C974CCF}"
EndProject
Project("{9A19103F-16F7-4668-BE54-9A1E7A4F7556}") = "Matematik", "Matematik\Matematik.csproj", "{59C16B56-BDDC-4E38-B2D3-1CCCDC77A161}"
EndProject
Project("{9A19103F-16F7-4668-BE54-9A1E7A4F7556}") = "DegerVeReferansTipler", "DegerVeReferansTipler\DegerVeReferansTipler.csproj", "{05CE5B0E-CDD2-43DD-AAFB-AB58C3F2E036}"
EndProject
Project("{9A19103F-16F7-4668-BE54-9A1E7A4F7556}") = "OOP1", "OOP1\OOP1.csproj", "{8011ED3D-3FA2-45D8-934B-15FFFB9634D2}"
EndProject
Project("{9A19103F-16F7-4668-BE54-9A1E7A4F7556}") = "Koleksiyonlar", "Koleksiyonlar\Koleksiyonlar.csproj", "{9CE50DB4-9B4F-47A7-BA41-1A8E9255AFAA}"
EndProject
Project("{9A19103F-16F7-4668-BE54-9A1E7A4F7556}") = "GenericsIntro", "GenericsIntro\GenericsIntro.csproj", "{C97DEE5D-C67A-430A-8DCA-B2C0FBC49223}"
EndProject
Project("{FAE04EC0-301F-11D3-BF4B-00C04F79EFBC}") = "OOP2", "OOP2\OOP2.csproj", "{1730C9EE-F99B-48E7-B030-36FBD47E14EA}"
EndProject
Project("{FAE04EC0-301F-11D3-BF4B-00C04F79EFBC}") = "OOP3", "OOP3\OOP3.csproj", "{6C1AF64B-3D34-4A77-B90A-DA541D14FE99}"
EndProject
Global
	GlobalSection(SolutionConfigurationPlatforms) = preSolution
		Debug|Any CPU = Debug|Any CPU
		Release|Any CPU = Release|Any CPU
	EndGlobalSection
	GlobalSection(ProjectConfigurationPlatforms) = postSolution
		{B6B60D2E-7162-4481-8028-07660C755440}.Debug|Any CPU.ActiveCfg = Debug|Any CPU
		{B6B60D2E-7162-4481-8028-07660C755440}.Debug|Any CPU.Build.0 = Debug|Any CPU
		{B6B60D2E-7162-4481-8028-07660C755440}.Release|Any CPU.ActiveCfg = Release|Any CPU
		{B6B60D2E-7162-4481-8028-07660C755440}.Release|Any CPU.Build.0 = Release|Any CPU
		{FB89C1BD-7B54-4784-92B4-D872FADD2768}.Debug|Any CPU.ActiveCfg = Debug|Any CPU
		{FB89C1BD-7B54-4784-92B4-D872FADD2768}.Debug|Any CPU.Build.0 = Debug|Any CPU
		{FB89C1BD-7B54-4784-92B4-D872FADD2768}.Release|Any CPU.ActiveCfg = Release|Any CPU
		{FB89C1BD-7B54-4784-92B4-D872FADD2768}.Release|Any CPU.Build.0 = Release|Any CPU
		{BF41BCB6-489E-4DEC-8E1C-FFCCC8447B97}.Debug|Any CPU.ActiveCfg = Debug|Any CPU
		{BF41BCB6-489E-4DEC-8E1C-FFCCC8447B97}.Debug|Any CPU.Build.0 = Debug|Any CPU
		{BF41BCB6-489E-4DEC-8E1C-FFCCC8447B97}.Release|Any CPU.ActiveCfg = Release|Any CPU
		{BF41BCB6-489E-4DEC-8E1C-FFCCC8447B97}.Release|Any CPU.Build.0 = Release|Any CPU
		{9B858C7F-677B-4936-BDA9-E6AA0C974CCF}.Debug|Any CPU.ActiveCfg = Debug|Any CPU
		{9B858C7F-677B-4936-BDA9-E6AA0C974CCF}.Debug|Any CPU.Build.0 = Debug|Any CPU
		{9B858C7F-677B-4936-BDA9-E6AA0C974CCF}.Release|Any CPU.ActiveCfg = Release|Any CPU
		{9B858C7F-677B-4936-BDA9-E6AA0C974CCF}.Release|Any CPU.Build.0 = Release|Any CPU
		{59C16B56-BDDC-4E38-B2D3-1CCCDC77A161}.Debug|Any CPU.ActiveCfg = Debug|Any CPU
		{59C16B56-BDDC-4E38-B2D3-1CCCDC77A161}.Debug|Any CPU.Build.0 = Debug|Any CPU
		{59C16B56-BDDC-4E38-B2D3-1CCCDC77A161}.Release|Any CPU.ActiveCfg = Release|Any CPU
		{59C16B56-BDDC-4E38-B2D3-1CCCDC77A161}.Release|Any CPU.Build.0 = Release|Any CPU
		{05CE5B0E-CDD2-43DD-AAFB-AB58C3F2E036}.Debug|Any CPU.ActiveCfg = Debug|Any CPU
		{05CE5B0E-CDD2-43DD-AAFB-AB58C3F2E036}.Debug|Any CPU.Build.0 = Debug|Any CPU
		{05CE5B0E-CDD2-43DD-AAFB-AB58C3F2E036}.Release|Any CPU.ActiveCfg = Release|Any CPU
		{05CE5B0E-CDD2-43DD-AAFB-AB58C3F2E036}.Release|Any CPU.Build.0 = Release|Any CPU
		{8011ED3D-3FA2-45D8-934B-15FFFB9634D2}.Debug|Any CPU.ActiveCfg = Debug|Any CPU
		{8011ED3D-3FA2-45D8-934B-15FFFB9634D2}.Debug|Any CPU.Build.0 = Debug|Any CPU
		{8011ED3D-3FA2-45D8-934B-15FFFB9634D2}.Release|Any CPU.ActiveCfg = Release|Any CPU
		{8011ED3D-3FA2-45D8-934B-15FFFB9634D2}.Release|Any CPU.Build.0 = Release|Any CPU
		{9CE50DB4-9B4F-47A7-BA41-1A8E9255AFAA}.Debug|Any CPU.ActiveCfg = Debug|Any CPU
		{9CE50DB4-9B4F-47A7-BA41-1A8E9255AFAA}.Debug|Any CPU.Build.0 = Debug|Any CPU
		{9CE50DB4-9B4F-47A7-BA41-1A8E9255AFAA}.Release|Any CPU.ActiveCfg = Release|Any CPU
		{9CE50DB4-9B4F-47A7-BA41-1A8E9255AFAA}.Release|Any CPU.Build.0 = Release|Any CPU
		{C97DEE5D-C67A-430A-8DCA-B2C0FBC49223}.Debug|Any CPU.ActiveCfg = Debug|Any CPU
		{C97DEE5D-C67A-430A-8DCA-B2C0FBC49223}.Debug|Any CPU.Build.0 = Debug|Any CPU
		{C97DEE5D-C67A-430A-8DCA-B2C0FBC49223}.Release|Any CPU.ActiveCfg = Release|Any CPU
		{C97DEE5D-C67A-430A-8DCA-B2C0FBC49223}.Release|Any CPU.Build.0 = Release|Any CPU
		{1730C9EE-F99B-48E7-B030-36FBD47E14EA}.Debug|Any CPU.ActiveCfg = Debug|Any CPU
		{1730C9EE-F99B-48E7-B030-36FBD47E14EA}.Debug|Any CPU.Build.0 = Debug|Any CPU
		{1730C9EE-F99B-48E7-B030-36FBD47E14EA}.Release|Any CPU.ActiveCfg = Release|Any CPU
		{1730C9EE-F99B-48E7-B030-36FBD47E14EA}.Release|Any CPU.Build.0 = Release|Any CPU
		{6C1AF64B-3D34-4A77-B90A-DA541D14FE99}.Debug|Any CPU.ActiveCfg = Debug|Any CPU
		{6C1AF64B-3D34-4A77-B90A-DA541D14FE99}.Debug|Any CPU.Build.0 = Debug|Any CPU
		{6C1AF64B-3D34-4A77-B90A-DA541D14FE99}.Release|Any CPU.ActiveCfg = Release|Any CPU
		{6C1AF64B-3D34-4A77-B90A-DA541D14FE99}.Release|Any CPU.Build.0 = Release|Any CPU
	EndGlobalSection
	GlobalSection(SolutionProperties) = preSolution
		HideSolutionNode = FALSE
	EndGlobalSection
	GlobalSection(ExtensibilityGlobals) = postSolution
		SolutionGuid = {91FED76E-1902-4706-85C8-3C9DE3983147}
	EndGlobalSection
EndGlobal
